// !$*UTF8*$!
{
	archiveVersion = 1;
	classes = {
	};
	objectVersion = 50;
	objects = {

/* Begin PBXBuildFile section */
		9FE1C5E42446282C00902DE7 /* AppDelegate.swift in Sources */ = {isa = PBXBuildFile; fileRef = 9FE1C5E32446282C00902DE7 /* AppDelegate.swift */; };
		9FE1C5E62446282C00902DE7 /* SceneDelegate.swift in Sources */ = {isa = PBXBuildFile; fileRef = 9FE1C5E52446282C00902DE7 /* SceneDelegate.swift */; };
		9FE1C5E82446282C00902DE7 /* ViewController.swift in Sources */ = {isa = PBXBuildFile; fileRef = 9FE1C5E72446282C00902DE7 /* ViewController.swift */; };
		9FE1C5EB2446282C00902DE7 /* Main.storyboard in Resources */ = {isa = PBXBuildFile; fileRef = 9FE1C5E92446282C00902DE7 /* Main.storyboard */; };
		9FE1C5EE2446282C00902DE7 /* Tech_News_and_Tips.xcdatamodeld in Sources */ = {isa = PBXBuildFile; fileRef = 9FE1C5EC2446282C00902DE7 /* Tech_News_and_Tips.xcdatamodeld */; };
		9FE1C5F02446282D00902DE7 /* Assets.xcassets in Resources */ = {isa = PBXBuildFile; fileRef = 9FE1C5EF2446282D00902DE7 /* Assets.xcassets */; };
		9FE1C5F32446282D00902DE7 /* LaunchScreen.storyboard in Resources */ = {isa = PBXBuildFile; fileRef = 9FE1C5F12446282D00902DE7 /* LaunchScreen.storyboard */; };
/* End PBXBuildFile section */

/* Begin PBXFileReference section */
		9FE1C5E02446282C00902DE7 /* Tech News and Tips.app */ = {isa = PBXFileReference; explicitFileType = wrapper.application; includeInIndex = 0; path = "Tech News and Tips.app"; sourceTree = BUILT_PRODUCTS_DIR; };
		9FE1C5E32446282C00902DE7 /* AppDelegate.swift */ = {isa = PBXFileReference; lastKnownFileType = sourcecode.swift; path = AppDelegate.swift; sourceTree = "<group>"; };
		9FE1C5E52446282C00902DE7 /* SceneDelegate.swift */ = {isa = PBXFileReference; lastKnownFileType = sourcecode.swift; path = SceneDelegate.swift; sourceTree = "<group>"; };
		9FE1C5E72446282C00902DE7 /* ViewController.swift */ = {isa = PBXFileReference; lastKnownFileType = sourcecode.swift; path = ViewController.swift; sourceTree = "<group>"; };
		9FE1C5EA2446282C00902DE7 /* Base */ = {isa = PBXFileReference; lastKnownFileType = file.storyboard; name = Base; path = Base.lproj/Main.storyboard; sourceTree = "<group>"; };
		9FE1C5ED2446282C00902DE7 /* Tech_News_and_Tips.xcdatamodel */ = {isa = PBXFileReference; lastKnownFileType = wrapper.xcdatamodel; path = Tech_News_and_Tips.xcdatamodel; sourceTree = "<group>"; };
		9FE1C5EF2446282D00902DE7 /* Assets.xcassets */ = {isa = PBXFileReference; lastKnownFileType = folder.assetcatalog; path = Assets.xcassets; sourceTree = "<group>"; };
		9FE1C5F22446282D00902DE7 /* Base */ = {isa = PBXFileReference; lastKnownFileType = file.storyboard; name = Base; path = Base.lproj/LaunchScreen.storyboard; sourceTree = "<group>"; };
		9FE1C5F42446282D00902DE7 /* Info.plist */ = {isa = PBXFileReference; lastKnownFileType = text.plist.xml; path = Info.plist; sourceTree = "<group>"; };
/* End PBXFileReference section */

/* Begin PBXFrameworksBuildPhase section */
		9FE1C5DD2446282C00902DE7 /* Frameworks */ = {
			isa = PBXFrameworksBuildPhase;
			buildActionMask = 2147483647;
			files = (
			);
			runOnlyForDeploymentPostprocessing = 0;
		};
/* End PBXFrameworksBuildPhase section */

/* Begin PBXGroup section */
		9FE1C5D72446282C00902DE7 = {
			isa = PBXGroup;
			children = (
				9FE1C5E22446282C00902DE7 /* Tech News and Tips */,
				9FE1C5E12446282C00902DE7 /* Products */,
			);
			sourceTree = "<group>";
		};
		9FE1C5E12446282C00902DE7 /* Products */ = {
			isa = PBXGroup;
			children = (
				9FE1C5E02446282C00902DE7 /* Tech News and Tips.app */,
			);
			name = Products;
			sourceTree = "<group>";
		};
		9FE1C5E22446282C00902DE7 /* Tech News and Tips */ = {
			isa = PBXGroup;
			children = (
				9FE1C5E32446282C00902DE7 /* AppDelegate.swift */,
				9FE1C5E52446282C00902DE7 /* SceneDelegate.swift */,
				9FE1C5E72446282C00902DE7 /* ViewController.swift */,
				9FE1C5E92446282C00902DE7 /* Main.storyboard */,
				9FE1C5EF2446282D00902DE7 /* Assets.xcassets */,
				9FE1C5F12446282D00902DE7 /* LaunchScreen.storyboard */,
				9FE1C5F42446282D00902DE7 /* Info.plist */,
				9FE1C5EC2446282C00902DE7 /* Tech_News_and_Tips.xcdatamodeld */,
			);
			path = "Tech News and Tips";
			sourceTree = "<group>";
		};
/* End PBXGroup section */

/* Begin PBXNativeTarget section */
		9FE1C5DF2446282C00902DE7 /* Tech News and Tips */ = {
			isa = PBXNativeTarget;
			buildConfigurationList = 9FE1C5F72446282D00902DE7 /* Build configuration list for PBXNativeTarget "Tech News and Tips" */;
			buildPhases = (
				9FE1C5DC2446282C00902DE7 /* Sources */,
				9FE1C5DD2446282C00902DE7 /* Frameworks */,
				9FE1C5DE2446282C00902DE7 /* Resources */,
			);
			buildRules = (
			);
			dependencies = (
			);
			name = "Tech News and Tips";
			productName = "Tech News and Tips";
			productReference = 9FE1C5E02446282C00902DE7 /* Tech News and Tips.app */;
			productType = "com.apple.product-type.application";
		};
/* End PBXNativeTarget section */

/* Begin PBXProject section */
		9FE1C5D82446282C00902DE7 /* Project object */ = {
			isa = PBXProject;
			attributes = {
				LastSwiftUpdateCheck = 1130;
				LastUpgradeCheck = 1130;
				ORGANIZATIONNAME = Kiran;
				TargetAttributes = {
					9FE1C5DF2446282C00902DE7 = {
						CreatedOnToolsVersion = 11.3.1;
					};
				};
			};
			buildConfigurationList = 9FE1C5DB2446282C00902DE7 /* Build configuration list for PBXProject "Tech News and Tips" */;
			compatibilityVersion = "Xcode 9.3";
			developmentRegion = en;
			hasScannedForEncodings = 0;
			knownRegions = (
				en,
				Base,
			);
			mainGroup = 9FE1C5D72446282C00902DE7;
			productRefGroup = 9FE1C5E12446282C00902DE7 /* Products */;
			projectDirPath = "";
			projectRoot = "";
			targets = (
				9FE1C5DF2446282C00902DE7 /* Tech News and Tips */,
			);
		};
/* End PBXProject section */

/* Begin PBXResourcesBuildPhase section */
		9FE1C5DE2446282C00902DE7 /* Resources */ = {
			isa = PBXResourcesBuildPhase;
			buildActionMask = 2147483647;
			files = (
				9FE1C5F32446282D00902DE7 /* LaunchScreen.storyboard in Resources */,
				9FE1C5F02446282D00902DE7 /* Assets.xcassets in Resources */,
				9FE1C5EB2446282C00902DE7 /* Main.storyboard in Resources */,
			);
			runOnlyForDeploymentPostprocessing = 0;
		};
/* End PBXResourcesBuildPhase section */

/* Begin PBXSourcesBuildPhase section */
		9FE1C5DC2446282C00902DE7 /* Sources */ = {
			isa = PBXSourcesBuildPhase;
			buildActionMask = 2147483647;
			files = (
				9FE1C5EE2446282C00902DE7 /* Tech_News_and_Tips.xcdatamodeld in Sources */,
				9FE1C5E82446282C00902DE7 /* ViewController.swift in Sources */,
				9FE1C5E42446282C00902DE7 /* AppDelegate.swift in Sources */,
				9FE1C5E62446282C00902DE7 /* SceneDelegate.swift in Sources */,
			);
			runOnlyForDeploymentPostprocessing = 0;
		};
/* End PBXSourcesBuildPhase section */

/* Begin PBXVariantGroup section */
		9FE1C5E92446282C00902DE7 /* Main.storyboard */ = {
			isa = PBXVariantGroup;
			children = (
				9FE1C5EA2446282C00902DE7 /* Base */,
			);
			name = Main.storyboard;
			sourceTree = "<group>";
		};
		9FE1C5F12446282D00902DE7 /* LaunchScreen.storyboard */ = {
			isa = PBXVariantGroup;
			children = (
				9FE1C5F22446282D00902DE7 /* Base */,
			);
			name = LaunchScreen.storyboard;
			sourceTree = "<group>";
		};
/* End PBXVariantGroup section */

/* Begin XCBuildConfiguration section */
		9FE1C5F52446282D00902DE7 /* Debug */ = {
			isa = XCBuildConfiguration;
			buildSettings = {
				ALWAYS_SEARCH_USER_PATHS = NO;
				CLANG_ANALYZER_NONNULL = YES;
				CLANG_ANALYZER_NUMBER_OBJECT_CONVERSION = YES_AGGRESSIVE;
				CLANG_CXX_LANGUAGE_STANDARD = "gnu++14";
				CLANG_CXX_LIBRARY = "libc++";
				CLANG_ENABLE_MODULES = YES;
				CLANG_ENABLE_OBJC_ARC = YES;
				CLANG_ENABLE_OBJC_WEAK = YES;
				CLANG_WARN_BLOCK_CAPTURE_AUTORELEASING = YES;
				CLANG_WARN_BOOL_CONVERSION = YES;
				CLANG_WARN_COMMA = YES;
				CLANG_WARN_CONSTANT_CONVERSION = YES;
				CLANG_WARN_DEPRECATED_OBJC_IMPLEMENTATIONS = YES;
				CLANG_WARN_DIRECT_OBJC_ISA_USAGE = YES_ERROR;
				CLANG_WARN_DOCUMENTATION_COMMENTS = YES;
				CLANG_WARN_EMPTY_BODY = YES;
				CLANG_WARN_ENUM_CONVERSION = YES;
				CLANG_WARN_INFINITE_RECURSION = YES;
				CLANG_WARN_INT_CONVERSION = YES;
				CLANG_WARN_NON_LITERAL_NULL_CONVERSION = YES;
				CLANG_WARN_OBJC_IMPLICIT_RETAIN_SELF = YES;
				CLANG_WARN_OBJC_LITERAL_CONVERSION = YES;
				CLANG_WARN_OBJC_ROOT_CLASS = YES_ERROR;
				CLANG_WARN_RANGE_LOOP_ANALYSIS = YES;
				CLANG_WARN_STRICT_PROTOTYPES = YES;
				CLANG_WARN_SUSPICIOUS_MOVE = YES;
				CLANG_WARN_UNGUARDED_AVAILABILITY = YES_AGGRESSIVE;
				CLANG_WARN_UNREACHABLE_CODE = YES;
				CLANG_WARN__DUPLICATE_METHOD_MATCH = YES;
				COPY_PHASE_STRIP = NO;
				DEBUG_INFORMATION_FORMAT = dwarf;
				ENABLE_STRICT_OBJC_MSGSEND = YES;
				ENABLE_TESTABILITY = YES;
				GCC_C_LANGUAGE_STANDARD = gnu11;
				GCC_DYNAMIC_NO_PIC = NO;
				GCC_NO_COMMON_BLOCKS = YES;
				GCC_OPTIMIZATION_LEVEL = 0;
				GCC_PREPROCESSOR_DEFINITIONS = (
					"DEBUG=1",
					"$(inherited)",
				);
				GCC_WARN_64_TO_32_BIT_CONVERSION = YES;
				GCC_WARN_ABOUT_RETURN_TYPE = YES_ERROR;
				GCC_WARN_UNDECLARED_SELECTOR = YES;
				GCC_WARN_UNINITIALIZED_AUTOS = YES_AGGRESSIVE;
				GCC_WARN_UNUSED_FUNCTION = YES;
				GCC_WARN_UNUSED_VARIABLE = YES;
				IPHONEOS_DEPLOYMENT_TARGET = 13.2;
				MTL_ENABLE_DEBUG_INFO = INCLUDE_SOURCE;
				MTL_FAST_MATH = YES;
				ONLY_ACTIVE_ARCH = YES;
				SDKROOT = iphoneos;
				SWIFT_ACTIVE_COMPILATION_CONDITIONS = DEBUG;
				SWIFT_OPTIMIZATION_LEVEL = "-Onone";
			};
			name = Debug;
		};
		9FE1C5F62446282D00902DE7 /* Release */ = {
			isa = XCBuildConfiguration;
			buildSettings = {
				ALWAYS_SEARCH_USER_PATHS = NO;
				CLANG_ANALYZER_NONNULL = YES;
				CLANG_ANALYZER_NUMBER_OBJECT_CONVERSION = YES_AGGRESSIVE;
				CLANG_CXX_LANGUAGE_STANDARD = "gnu++14";
				CLANG_CXX_LIBRARY = "libc++";
				CLANG_ENABLE_MODULES = YES;
				CLANG_ENABLE_OBJC_ARC = YES;
				CLANG_ENABLE_OBJC_WEAK = YES;
				CLANG_WARN_BLOCK_CAPTURE_AUTORELEASING = YES;
				CLANG_WARN_BOOL_CONVERSION = YES;
				CLANG_WARN_COMMA = YES;
				CLANG_WARN_CONSTANT_CONVERSION = YES;
				CLANG_WARN_DEPRECATED_OBJC_IMPLEMENTATIONS = YES;
				CLANG_WARN_DIRECT_OBJC_ISA_USAGE = YES_ERROR;
				CLANG_WARN_DOCUMENTATION_COMMENTS = YES;
				CLANG_WARN_EMPTY_BODY = YES;
				CLANG_WARN_ENUM_CONVERSION = YES;
				CLANG_WARN_INFINITE_RECURSION = YES;
				CLANG_WARN_INT_CONVERSION = YES;
				CLANG_WARN_NON_LITERAL_NULL_CONVERSION = YES;
				CLANG_WARN_OBJC_IMPLICIT_RETAIN_SELF = YES;
				CLANG_WARN_OBJC_LITERAL_CONVERSION = YES;
				CLANG_WARN_OBJC_ROOT_CLASS = YES_ERROR;
				CLANG_WARN_RANGE_LOOP_ANALYSIS = YES;
				CLANG_WARN_STRICT_PROTOTYPES = YES;
				CLANG_WARN_SUSPICIOUS_MOVE = YES;
				CLANG_WARN_UNGUARDED_AVAILABILITY = YES_AGGRESSIVE;
				CLANG_WARN_UNREACHABLE_CODE = YES;
				CLANG_WARN__DUPLICATE_METHOD_MATCH = YES;
				COPY_PHASE_STRIP = NO;
				DEBUG_INFORMATION_FORMAT = "dwarf-with-dsym";
				ENABLE_NS_ASSERTIONS = NO;
				ENABLE_STRICT_OBJC_MSGSEND = YES;
				GCC_C_LANGUAGE_STANDARD = gnu11;
				GCC_NO_COMMON_BLOCKS = YES;
				GCC_WARN_64_TO_32_BIT_CONVERSION = YES;
				GCC_WARN_ABOUT_RETURN_TYPE = YES_ERROR;
				GCC_WARN_UNDECLARED_SELECTOR = YES;
				GCC_WARN_UNINITIALIZED_AUTOS = YES_AGGRESSIVE;
				GCC_WARN_UNUSED_FUNCTION = YES;
				GCC_WARN_UNUSED_VARIABLE = YES;
				IPHONEOS_DEPLOYMENT_TARGET = 13.2;
				MTL_ENABLE_DEBUG_INFO = NO;
				MTL_FAST_MATH = YES;
				SDKROOT = iphoneos;
				SWIFT_COMPILATION_MODE = wholemodule;
				SWIFT_OPTIMIZATION_LEVEL = "-O";
				VALIDATE_PRODUCT = YES;
			};
			name = Release;
		};
		9FE1C5F82446282D00902DE7 /* Debug */ = {
			isa = XCBuildConfiguration;
			buildSettings = {
				ASSETCATALOG_COMPILER_APPICON_NAME = AppIcon;
				CODE_SIGN_STYLE = Automatic;
				INFOPLIST_FILE = "Tech News and Tips/Info.plist";
				LD_RUNPATH_SEARCH_PATHS = (
					"$(inherited)",
					"@executable_path/Frameworks",
				);
				PRODUCT_BUNDLE_IDENTIFIER = "Kiran.Tech-News-and-Tips";
				PRODUCT_NAME = "$(TARGET_NAME)";
				SWIFT_VERSION = 5.0;
				TARGETED_DEVICE_FAMILY = "1,2";
			};
			name = Debug;
		};
		9FE1C5F92446282D00902DE7 /* Release */ = {
			isa = XCBuildConfiguration;
			buildSettings = {
				ASSETCATALOG_COMPILER_APPICON_NAME = AppIcon;
				CODE_SIGN_STYLE = Automatic;
				INFOPLIST_FILE = "Tech News and Tips/Info.plist";
				LD_RUNPATH_SEARCH_PATHS = (
					"$(inherited)",
					"@executable_path/Frameworks",
				);
				PRODUCT_BUNDLE_IDENTIFIER = "Kiran.Tech-News-and-Tips";
				PRODUCT_NAME = "$(TARGET_NAME)";
				SWIFT_VERSION = 5.0;
				TARGETED_DEVICE_FAMILY = "1,2";
			};
			name = Release;
		};
/* End XCBuildConfiguration section */

/* Begin XCConfigurationList section */
		9FE1C5DB2446282C00902DE7 /* Build configuration list for PBXProject "Tech News and Tips" */ = {
			isa = XCConfigurationList;
			buildConfigurations = (
				9FE1C5F52446282D00902DE7 /* Debug */,
				9FE1C5F62446282D00902DE7 /* Release */,
			);
			defaultConfigurationIsVisible = 0;
			defaultConfigurationName = Release;
		};
		9FE1C5F72446282D00902DE7 /* Build configuration list for PBXNativeTarget "Tech News and Tips" */ = {
			isa = XCConfigurationList;
			buildConfigurations = (
				9FE1C5F82446282D00902DE7 /* Debug */,
				9FE1C5F92446282D00902DE7 /* Release */,
			);
			defaultConfigurationIsVisible = 0;
			defaultConfigurationName = Release;
		};
/* End XCConfigurationList section */

/* Begin XCVersionGroup section */
		9FE1C5EC2446282C00902DE7 /* Tech_News_and_Tips.xcdatamodeld */ = {
			isa = XCVersionGroup;
			children = (
				9FE1C5ED2446282C00902DE7 /* Tech_News_and_Tips.xcdatamodel */,
			);
			currentVersion = 9FE1C5ED2446282C00902DE7 /* Tech_News_and_Tips.xcdatamodel */;
			path = Tech_News_and_Tips.xcdatamodeld;
			sourceTree = "<group>";
			versionGroupType = wrapper.xcdatamodel;
		};
/* End XCVersionGroup section */
	};
	rootObject = 9FE1C5D82446282C00902DE7 /* Project object */;
}
